{
  "name": "coding-list",
  "version": "1.0.0",
  "lockfileVersion": 2,
  "requires": true,
  "packages": {
    "": {
      "name": "coding-list",
      "version": "1.0.0",
      "license": "ISC",
      "dependencies": {
        "@ltd/j-toml": "^1.12.2",
        "fs": "^0.0.1-security",
        "node-fetch": "^2.6.1",
        "path": "^0.12.7"
      }
    },
    "node_modules/@ltd/j-toml": {
      "version": "1.12.2",
      "resolved": "https://xrzyun-npm.pkg.coding.net/xrz-video/bili-vd-bak-cli/__tarballs/@ltd/j-toml/1.12.2/__path/npm/@ltd/j-toml/-/j-toml-1.12.2/994c1792d07ca21421d4a75fef0dd0b60f7a1c8b.tgz",
      "integrity": "sha512-mGbbuiYwnBBBfkupwGbRH9qkOuT40RoPvzbSStAy57PfTWG6nRYOLAB6lplOafIIqBM3wzDPF9/64n3tfO0how==",
      "license": "LGPL-3.0"
    },
    "node_modules/fs": {
      "version": "0.0.1-security",
      "resolved": "https://xrzyun-npm.pkg.coding.net/xrz-video/bili-vd-bak-cli/fs/-/fs-0.0.1-security/8a7bd37186b6dddf3813f23858b57ecaaf5e41d4.tgz",
      "integrity": "sha1-invTcYa23d84E/I4WLV+yq9eQdQ=",
      "license": "ISC"
    },
    "node_modules/inherits": {
      "version": "2.0.3",
      "resolved": "https://xrzyun-npm.pkg.coding.net/xrz-video/bili-vd-bak-cli/inherits/-/inherits-2.0.3/633c2c83e3da42a502f52466022480f4208261de.tgz",
      "integrity": "sha1-Yzwsg+PaQqUC9SRmAiSA9CCCYd4=",
      "license": "ISC"
    },
    "node_modules/node-fetch": {
      "version": "2.6.1",
      "resolved": "https://registry.npmjs.org/node-fetch/-/node-fetch-2.6.1.tgz",
      "integrity": "sha512-V4aYg89jEoVRxRb2fJdAg8FHvI7cEyYdVAh94HH0UIK8oJxUfkjlDQN9RbMx+bEjP7+ggMiFRprSti032Oipxw==",
      "engines": {
        "node": "4.x || >=6.0.0"
      }
    },
    "node_modules/path": {
      "version": "0.12.7",
      "resolved": "https://xrzyun-npm.pkg.coding.net/xrz-video/bili-vd-bak-cli/path/-/path-0.12.7/d4dc2a506c4ce2197eb481ebfcd5b36c0140b10f.tgz",
      "integrity": "sha1-1NwqUGxM4hl+tIHr/NWzbAFAsQ8=",
      "license": "MIT",
      "dependencies": {
        "process": "^0.11.1",
        "util": "^0.10.3"
      }
    },
    "node_modules/process": {
      "version": "0.11.10",
      "resolved": "https://xrzyun-npm.pkg.coding.net/xrz-video/bili-vd-bak-cli/process/-/process-0.11.10/7332300e840161bda3e69a1d1d91a7d4bc16f182.tgz",
      "integrity": "sha1-czIwDoQBYb2j5podHZGn1LwW8YI=",
      "license": "MIT",
      "engines": {
        "node": ">= 0.6.0"
      }
    },
    "node_modules/util": {
      "version": "0.10.4",
      "resolved": "https://xrzyun-npm.pkg.coding.net/xrz-video/bili-vd-bak-cli/util/-/util-0.10.4/3aa0125bfe668a4672de58857d3ace27ecb76901.tgz",
      "integrity": "sha512-0Pm9hTQ3se5ll1XihRic3FDIku70C+iHUdT/W926rSgHV5QgXsYbKZN8MSC3tJtSkhuROzvsQjAaFENRXr+19A==",
      "license": "MIT",
      "dependencies": {
        "inherits": "2.0.3"
      }
    }
  },
  "dependencies": {
    "@ltd/j-toml": {
      "version": "1.12.2",
      "resolved": "https://xrzyun-npm.pkg.coding.net/xrz-video/bili-vd-bak-cli/__tarballs/@ltd/j-toml/1.12.2/__path/npm/@ltd/j-toml/-/j-toml-1.12.2/994c1792d07ca21421d4a75fef0dd0b60f7a1c8b.tgz",
      "integrity": "sha512-mGbbuiYwnBBBfkupwGbRH9qkOuT40RoPvzbSStAy57PfTWG6nRYOLAB6lplOafIIqBM3wzDPF9/64n3tfO0how=="
    },
    "fs": {
      "version": "0.0.1-security",
      "resolved": "https://xrzyun-npm.pkg.coding.net/xrz-video/bili-vd-bak-cli/fs/-/fs-0.0.1-security/8a7bd37186b6dddf3813f23858b57ecaaf5e41d4.tgz",
      "integrity": "sha1-invTcYa23d84E/I4WLV+yq9eQdQ="
    },
    "inherits": {
      "version": "2.0.3",
      "resolved": "https://xrzyun-npm.pkg.coding.net/xrz-video/bili-vd-bak-cli/inherits/-/inherits-2.0.3/633c2c83e3da42a502f52466022480f4208261de.tgz",
      "integrity": "sha1-Yzwsg+PaQqUC9SRmAiSA9CCCYd4="
    },
    "node-fetch": {
      "version": "2.6.1",
      "resolved": "https://registry.npmjs.org/node-fetch/-/node-fetch-2.6.1.tgz",
      "integrity": "sha512-V4aYg89jEoVRxRb2fJdAg8FHvI7cEyYdVAh94HH0UIK8oJxUfkjlDQN9RbMx+bEjP7+ggMiFRprSti032Oipxw=="
    },
    "path": {
      "version": "0.12.7",
      "resolved": "https://xrzyun-npm.pkg.coding.net/xrz-video/bili-vd-bak-cli/path/-/path-0.12.7/d4dc2a506c4ce2197eb481ebfcd5b36c0140b10f.tgz",
      "integrity": "sha1-1NwqUGxM4hl+tIHr/NWzbAFAsQ8=",
      "requires": {
        "process": "^0.11.1",
        "util": "^0.10.3"
      }
    },
    "process": {
      "version": "0.11.10",
      "resolved": "https://xrzyun-npm.pkg.coding.net/xrz-video/bili-vd-bak-cli/process/-/process-0.11.10/7332300e840161bda3e69a1d1d91a7d4bc16f182.tgz",
      "integrity": "sha1-czIwDoQBYb2j5podHZGn1LwW8YI="
    },
    "util": {
      "version": "0.10.4",
      "resolved": "https://xrzyun-npm.pkg.coding.net/xrz-video/bili-vd-bak-cli/util/-/util-0.10.4/3aa0125bfe668a4672de58857d3ace27ecb76901.tgz",
      "integrity": "sha512-0Pm9hTQ3se5ll1XihRic3FDIku70C+iHUdT/W926rSgHV5QgXsYbKZN8MSC3tJtSkhuROzvsQjAaFENRXr+19A==",
      "requires": {
        "inherits": "2.0.3"
      }
    }
  }
}
